{
  "name": "@slatrap/slatrap-engine",
  "version": "0.0.1",
  "lockfileVersion": 3,
  "requires": true,
  "packages": {
    "": {
      "name": "@slatrap/slatrap-engine",
      "version": "0.0.1",
      "license": "UNLICENSED",
      "dependencies": {
        "@slatrap/slatrap": "file:../slatrap"
      }
    },
    "../slatrap": {
      "name": "@slatrap/slatrap",
      "version": "0.2.0",
      "license": "MIT",
      "dependencies": {
        "zod": "^4.4.3"
      },
      "engines": {
        "node": ">=18"
      },
      "peerDependencies": {
        "@nestjs/common": "^10.0.0 || ^11.0.0",
        "rxjs": "^7.0.0"
      },
      "peerDependenciesMeta": {
        "@nestjs/common": {
          "optional": true
        },
        "rxjs": {
          "optional": true
        }
      }
    },
    "node_modules/@slatrap/slatrap": {
      "resolved": "../slatrap",
      "link": true
    }
  }
}
